
Microsoft Visual Studio Solution File, Format Version 12.00
# Visual Studio Version 16
VisualStudioVersion = 16.0.31515.178
MinimumVisualStudioVersion = 10.0.40219.1
Project("{FAE04EC0-301F-11D3-BF4B-00C04F79EFBC}") = "Patterns", "Patterns\Patterns.csproj", "{63D3945C-657E-4E2F-9AB7-E00B2D20F77F}"
EndProject
Project("{FAE04EC0-301F-11D3-BF4B-00C04F79EFBC}") = "Tests", "Tests\Tests.csproj", "{EC92CF61-C512-4D1E-8D50-490D02A49C15}"
EndProject
Global
	GlobalSection(SolutionConfigurationPlatforms) = preSolution
		Debug|Any CPU = Debug|Any CPU
		Release|Any CPU = Release|Any CPU
	EndGlobalSection
	GlobalSection(ProjectConfigurationPlatforms) = postSolution
		{63D3945C-657E-4E2F-9AB7-E00B2D20F77F}.Debug|Any CPU.ActiveCfg = Debug|Any CPU
		{63D3945C-657E-4E2F-9AB7-E00B2D20F77F}.Debug|Any CPU.Build.0 = Debug|Any CPU
		{63D3945C-657E-4E2F-9AB7-E00B2D20F77F}.Release|Any CPU.ActiveCfg = Release|Any CPU
		{63D3945C-657E-4E2F-9AB7-E00B2D20F77F}.Release|Any CPU.Build.0 = Release|Any CPU
		{EC92CF61-C512-4D1E-8D50-490D02A49C15}.Debug|Any CPU.ActiveCfg = Debug|Any CPU
		{EC92CF61-C512-4D1E-8D50-490D02A49C15}.Debug|Any CPU.Build.0 = Debug|Any CPU
		{EC92CF61-C512-4D1E-8D50-490D02A49C15}.Release|Any CPU.ActiveCfg = Release|Any CPU
		{EC92CF61-C512-4D1E-8D50-490D02A49C15}.Release|Any CPU.Build.0 = Release|Any CPU
	EndGlobalSection
	GlobalSection(SolutionProperties) = preSolution
		HideSolutionNode = FALSE
	EndGlobalSection
	GlobalSection(ExtensibilityGlobals) = postSolution
		SolutionGuid = {8602EC2F-F1A1-4584-A542-D713EBF2E145}
	EndGlobalSection
EndGlobal
